
Microsoft Visual Studio Solution File, Format Version 12.00
# Visual Studio Version 16
VisualStudioVersion = 16.0.30907.101
MinimumVisualStudioVersion = 10.0.40219.1
Project("{9A19103F-16F7-4668-BE54-9A1E7A4F7556}") = "CPH", "CPH\CPH.csproj", "{96C4FCCE-352B-4D5E-BE9C-D1B1EB11448C}"
EndProject
Project("{9A19103F-16F7-4668-BE54-9A1E7A4F7556}") = "Notifications", "..\..\..\..\Glip-Glop\Dropbox (Personal)\TrimYard\Mow\Notifications\Notifications.csproj", "{A8DB27BC-405E-4EF9-88ED-E8FBD1430119}"
EndProject
Global
	GlobalSection(SolutionConfigurationPlatforms) = preSolution
		Debug|Any CPU = Debug|Any CPU
		Release|Any CPU = Release|Any CPU
	EndGlobalSection
	GlobalSection(ProjectConfigurationPlatforms) = postSolution
		{96C4FCCE-352B-4D5E-BE9C-D1B1EB11448C}.Debug|Any CPU.ActiveCfg = Debug|Any CPU
		{96C4FCCE-352B-4D5E-BE9C-D1B1EB11448C}.Debug|Any CPU.Build.0 = Debug|Any CPU
		{96C4FCCE-352B-4D5E-BE9C-D1B1EB11448C}.Release|Any CPU.ActiveCfg = Release|Any CPU
		{96C4FCCE-352B-4D5E-BE9C-D1B1EB11448C}.Release|Any CPU.Build.0 = Release|Any CPU
		{A8DB27BC-405E-4EF9-88ED-E8FBD1430119}.Debug|Any CPU.ActiveCfg = Debug|Any CPU
		{A8DB27BC-405E-4EF9-88ED-E8FBD1430119}.Debug|Any CPU.Build.0 = Debug|Any CPU
		{A8DB27BC-405E-4EF9-88ED-E8FBD1430119}.Release|Any CPU.ActiveCfg = Release|Any CPU
		{A8DB27BC-405E-4EF9-88ED-E8FBD1430119}.Release|Any CPU.Build.0 = Release|Any CPU
	EndGlobalSection
	GlobalSection(SolutionProperties) = preSolution
		HideSolutionNode = FALSE
	EndGlobalSection
	GlobalSection(ExtensibilityGlobals) = postSolution
		SolutionGuid = {BED6A23A-C36A-4BF4-8933-08C1C63767AE}
	EndGlobalSection
EndGlobal
